
Microsoft Visual Studio Solution File, Format Version 12.00
# Visual Studio Version 17
VisualStudioVersion = 17.6.33829.357
MinimumVisualStudioVersion = 10.0.40219.1
Project("{9A19103F-16F7-4668-BE54-9A1E7A4F7556}") = "backendAPIs", "backendAPIs\backendAPIs.csproj", "{959DCDF2-7166-4BAD-A891-21E43D906457}"
EndProject
Project("{FAE04EC0-301F-11D3-BF4B-00C04F79EFBC}") = "TestbackendAPIs", "TestbackendAPIs\TestbackendAPIs.csproj", "{C85ADF33-38BB-4AF4-9C37-045A5E1DFA5B}"
EndProject
Global
	GlobalSection(SolutionConfigurationPlatforms) = preSolution
		Debug|Any CPU = Debug|Any CPU
		Release|Any CPU = Release|Any CPU
	EndGlobalSection
	GlobalSection(ProjectConfigurationPlatforms) = postSolution
		{959DCDF2-7166-4BAD-A891-21E43D906457}.Debug|Any CPU.ActiveCfg = Debug|Any CPU
		{959DCDF2-7166-4BAD-A891-21E43D906457}.Debug|Any CPU.Build.0 = Debug|Any CPU
		{959DCDF2-7166-4BAD-A891-21E43D906457}.Release|Any CPU.ActiveCfg = Release|Any CPU
		{959DCDF2-7166-4BAD-A891-21E43D906457}.Release|Any CPU.Build.0 = Release|Any CPU
		{C85ADF33-38BB-4AF4-9C37-045A5E1DFA5B}.Debug|Any CPU.ActiveCfg = Debug|Any CPU
		{C85ADF33-38BB-4AF4-9C37-045A5E1DFA5B}.Debug|Any CPU.Build.0 = Debug|Any CPU
		{C85ADF33-38BB-4AF4-9C37-045A5E1DFA5B}.Release|Any CPU.ActiveCfg = Release|Any CPU
		{C85ADF33-38BB-4AF4-9C37-045A5E1DFA5B}.Release|Any CPU.Build.0 = Release|Any CPU
	EndGlobalSection
	GlobalSection(SolutionProperties) = preSolution
		HideSolutionNode = FALSE
	EndGlobalSection
	GlobalSection(ExtensibilityGlobals) = postSolution
		SolutionGuid = {3B11BFBC-1456-4060-AEE5-24E4F9897D90}
	EndGlobalSection
EndGlobal
